// !$*UTF8*$!
{
	archiveVersion = 1;
	classes = {
	};
	objectVersion = 55;
	objects = {

/* Begin PBXBuildFile section */
		C72A1F642882F9AA00DF4944 /* ResultViewController.swift in Sources */ = {isa = PBXBuildFile; fileRef = C72A1F632882F9AA00DF4944 /* ResultViewController.swift */; };
		C72A1F6E2882FDB700DF4944 /* ResultViewModel.swift in Sources */ = {isa = PBXBuildFile; fileRef = C72A1F6D2882FDB700DF4944 /* ResultViewModel.swift */; };
		C72A1F722883F5EC00DF4944 /* CharacterDetailViewController.swift in Sources */ = {isa = PBXBuildFile; fileRef = C72A1F712883F5EC00DF4944 /* CharacterDetailViewController.swift */; };
		C72A1F742883F5F900DF4944 /* CharacterDetailViewModel.swift in Sources */ = {isa = PBXBuildFile; fileRef = C72A1F732883F5F900DF4944 /* CharacterDetailViewModel.swift */; };
		C72B3B142884552800E85958 /* ViewModelProtocol.swift in Sources */ = {isa = PBXBuildFile; fileRef = C72B3B132884552800E85958 /* ViewModelProtocol.swift */; };
		C72B3B1828845FC800E85958 /* LocationDetailViewController.swift in Sources */ = {isa = PBXBuildFile; fileRef = C72B3B1728845FC800E85958 /* LocationDetailViewController.swift */; };
		C72B3B1A28845FD900E85958 /* EpisodeDetailViewController.swift in Sources */ = {isa = PBXBuildFile; fileRef = C72B3B1928845FD900E85958 /* EpisodeDetailViewController.swift */; };
		C72B3B1C2884601B00E85958 /* LocationDetailViewModel.swift in Sources */ = {isa = PBXBuildFile; fileRef = C72B3B1B2884601A00E85958 /* LocationDetailViewModel.swift */; };
		C72B3B1E2884602400E85958 /* EpisodeDetailViewModel.swift in Sources */ = {isa = PBXBuildFile; fileRef = C72B3B1D2884602400E85958 /* EpisodeDetailViewModel.swift */; };
		C79C311F2882712400B6CBB2 /* AppDelegate.swift in Sources */ = {isa = PBXBuildFile; fileRef = C79C311E2882712400B6CBB2 /* AppDelegate.swift */; };
		C79C31212882712400B6CBB2 /* SceneDelegate.swift in Sources */ = {isa = PBXBuildFile; fileRef = C79C31202882712400B6CBB2 /* SceneDelegate.swift */; };
		C79C31262882712400B6CBB2 /* Main.storyboard in Resources */ = {isa = PBXBuildFile; fileRef = C79C31242882712400B6CBB2 /* Main.storyboard */; };
		C79C31282882712400B6CBB2 /* Assets.xcassets in Resources */ = {isa = PBXBuildFile; fileRef = C79C31272882712400B6CBB2 /* Assets.xcassets */; };
		C79C312B2882712400B6CBB2 /* LaunchScreen.storyboard in Resources */ = {isa = PBXBuildFile; fileRef = C79C31292882712400B6CBB2 /* LaunchScreen.storyboard */; };
		C79C31492882CCAD00B6CBB2 /* ModelProtocol.swift in Sources */ = {isa = PBXBuildFile; fileRef = C79C31392882CCAD00B6CBB2 /* ModelProtocol.swift */; };
		C79C314B2882CCAD00B6CBB2 /* RouteProtocol.swift in Sources */ = {isa = PBXBuildFile; fileRef = C79C313B2882CCAD00B6CBB2 /* RouteProtocol.swift */; };
		C79C314C2882CCAD00B6CBB2 /* FilterProtocol.swift in Sources */ = {isa = PBXBuildFile; fileRef = C79C313C2882CCAD00B6CBB2 /* FilterProtocol.swift */; };
		C79C314D2882CCAD00B6CBB2 /* NetworkManager.swift in Sources */ = {isa = PBXBuildFile; fileRef = C79C313E2882CCAD00B6CBB2 /* NetworkManager.swift */; };
		C79C314E2882CCAD00B6CBB2 /* NetworkService.swift in Sources */ = {isa = PBXBuildFile; fileRef = C79C313F2882CCAD00B6CBB2 /* NetworkService.swift */; };
		C79C314F2882CCAD00B6CBB2 /* HTTPMethod.swift in Sources */ = {isa = PBXBuildFile; fileRef = C79C31402882CCAD00B6CBB2 /* HTTPMethod.swift */; };
		C79C31502882CCAD00B6CBB2 /* NetworkError.swift in Sources */ = {isa = PBXBuildFile; fileRef = C79C31412882CCAD00B6CBB2 /* NetworkError.swift */; };
		C79C31512882CCAD00B6CBB2 /* SearchViewModel.swift in Sources */ = {isa = PBXBuildFile; fileRef = C79C31432882CCAD00B6CBB2 /* SearchViewModel.swift */; };
		C79C31522882CCAD00B6CBB2 /* Location.swift in Sources */ = {isa = PBXBuildFile; fileRef = C79C31452882CCAD00B6CBB2 /* Location.swift */; };
		C79C31532882CCAD00B6CBB2 /* Info.swift in Sources */ = {isa = PBXBuildFile; fileRef = C79C31462882CCAD00B6CBB2 /* Info.swift */; };
		C79C31542882CCAD00B6CBB2 /* Character.swift in Sources */ = {isa = PBXBuildFile; fileRef = C79C31472882CCAD00B6CBB2 /* Character.swift */; };
		C79C31552882CCAD00B6CBB2 /* Episode.swift in Sources */ = {isa = PBXBuildFile; fileRef = C79C31482882CCAD00B6CBB2 /* Episode.swift */; };
		C79C31572882D3CE00B6CBB2 /* CharacterSearchViewController.swift in Sources */ = {isa = PBXBuildFile; fileRef = C79C31562882D3CE00B6CBB2 /* CharacterSearchViewController.swift */; };
		C79C315B2882D8E300B6CBB2 /* UIViewController+Extension.swift in Sources */ = {isa = PBXBuildFile; fileRef = C79C315A2882D8E300B6CBB2 /* UIViewController+Extension.swift */; };
		C79C315D2882DA1D00B6CBB2 /* UIWindow+Extension.swift in Sources */ = {isa = PBXBuildFile; fileRef = C79C315C2882DA1D00B6CBB2 /* UIWindow+Extension.swift */; };
		C79C315F2882DA5D00B6CBB2 /* UIActivityIndicatorView+Extension.swift in Sources */ = {isa = PBXBuildFile; fileRef = C79C315E2882DA5D00B6CBB2 /* UIActivityIndicatorView+Extension.swift */; };
		C7A99A252885273600DF3DD5 /* CharacterDetailView.xib in Resources */ = {isa = PBXBuildFile; fileRef = C7A99A242885273600DF3DD5 /* CharacterDetailView.xib */; };
		C7A99A272885279700DF3DD5 /* CharacterDetailView.swift in Sources */ = {isa = PBXBuildFile; fileRef = C7A99A262885279700DF3DD5 /* CharacterDetailView.swift */; };
		C7CFE0502885A2E7002E580A /* LocationDetailView.swift in Sources */ = {isa = PBXBuildFile; fileRef = C7CFE04F2885A2E7002E580A /* LocationDetailView.swift */; };
		C7CFE0522885A2F6002E580A /* LocationDetailView.xib in Resources */ = {isa = PBXBuildFile; fileRef = C7CFE0512885A2F6002E580A /* LocationDetailView.xib */; };
		C7CFE0542885A85A002E580A /* EpisodeDetailView.swift in Sources */ = {isa = PBXBuildFile; fileRef = C7CFE0532885A85A002E580A /* EpisodeDetailView.swift */; };
		C7CFE0562885A85F002E580A /* EpisodeDetailView.xib in Resources */ = {isa = PBXBuildFile; fileRef = C7CFE0552885A85F002E580A /* EpisodeDetailView.xib */; };
		C7E0AC252B2D5D31002B2CFF /* R_MTests.swift in Sources */ = {isa = PBXBuildFile; fileRef = C7E0AC242B2D5D31002B2CFF /* R_MTests.swift */; };
		C7E0AC2D2B2D5F09002B2CFF /* Character.swift in Sources */ = {isa = PBXBuildFile; fileRef = C79C31472882CCAD00B6CBB2 /* Character.swift */; };
		C7E0AC2E2B2D5F86002B2CFF /* NetworkError.swift in Sources */ = {isa = PBXBuildFile; fileRef = C79C31412882CCAD00B6CBB2 /* NetworkError.swift */; };
		C7E0AC2F2B2D5FE7002B2CFF /* FilterProtocol.swift in Sources */ = {isa = PBXBuildFile; fileRef = C79C313C2882CCAD00B6CBB2 /* FilterProtocol.swift */; };
		C7E0AC302B2D6001002B2CFF /* ModelProtocol.swift in Sources */ = {isa = PBXBuildFile; fileRef = C79C31392882CCAD00B6CBB2 /* ModelProtocol.swift */; };
		C7F9C68028844C9B00B992E1 /* ResponseModel.swift in Sources */ = {isa = PBXBuildFile; fileRef = C7F9C67F28844C9B00B992E1 /* ResponseModel.swift */; };
		C7F9C68228844DEC00B992E1 /* LocationSearchViewController.swift in Sources */ = {isa = PBXBuildFile; fileRef = C7F9C68128844DEC00B992E1 /* LocationSearchViewController.swift */; };
		C7F9C68528844E0B00B992E1 /* EpisodeSearchViewController.swift in Sources */ = {isa = PBXBuildFile; fileRef = C7F9C68428844E0B00B992E1 /* EpisodeSearchViewController.swift */; };
/* End PBXBuildFile section */

/* Begin PBXContainerItemProxy section */
		C7E0AC262B2D5D31002B2CFF /* PBXContainerItemProxy */ = {
			isa = PBXContainerItemProxy;
			containerPortal = C79C31132882712400B6CBB2 /* Project object */;
			proxyType = 1;
			remoteGlobalIDString = C79C311A2882712400B6CBB2;
			remoteInfo = "R&M";
		};
/* End PBXContainerItemProxy section */

/* Begin PBXFileReference section */
		C72A1F632882F9AA00DF4944 /* ResultViewController.swift */ = {isa = PBXFileReference; lastKnownFileType = sourcecode.swift; path = ResultViewController.swift; sourceTree = "<group>"; };
		C72A1F6D2882FDB700DF4944 /* ResultViewModel.swift */ = {isa = PBXFileReference; lastKnownFileType = sourcecode.swift; path = ResultViewModel.swift; sourceTree = "<group>"; };
		C72A1F712883F5EC00DF4944 /* CharacterDetailViewController.swift */ = {isa = PBXFileReference; lastKnownFileType = sourcecode.swift; path = CharacterDetailViewController.swift; sourceTree = "<group>"; };
		C72A1F732883F5F900DF4944 /* CharacterDetailViewModel.swift */ = {isa = PBXFileReference; lastKnownFileType = sourcecode.swift; path = CharacterDetailViewModel.swift; sourceTree = "<group>"; };
		C72B3B132884552800E85958 /* ViewModelProtocol.swift */ = {isa = PBXFileReference; lastKnownFileType = sourcecode.swift; path = ViewModelProtocol.swift; sourceTree = "<group>"; };
		C72B3B1728845FC800E85958 /* LocationDetailViewController.swift */ = {isa = PBXFileReference; lastKnownFileType = sourcecode.swift; path = LocationDetailViewController.swift; sourceTree = "<group>"; };
		C72B3B1928845FD900E85958 /* EpisodeDetailViewController.swift */ = {isa = PBXFileReference; lastKnownFileType = sourcecode.swift; path = EpisodeDetailViewController.swift; sourceTree = "<group>"; };
		C72B3B1B2884601A00E85958 /* LocationDetailViewModel.swift */ = {isa = PBXFileReference; lastKnownFileType = sourcecode.swift; path = LocationDetailViewModel.swift; sourceTree = "<group>"; };
		C72B3B1D2884602400E85958 /* EpisodeDetailViewModel.swift */ = {isa = PBXFileReference; lastKnownFileType = sourcecode.swift; path = EpisodeDetailViewModel.swift; sourceTree = "<group>"; };
		C79C311B2882712400B6CBB2 /* R&M.app */ = {isa = PBXFileReference; explicitFileType = wrapper.application; includeInIndex = 0; path = "R&M.app"; sourceTree = BUILT_PRODUCTS_DIR; };
		C79C311E2882712400B6CBB2 /* AppDelegate.swift */ = {isa = PBXFileReference; lastKnownFileType = sourcecode.swift; path = AppDelegate.swift; sourceTree = "<group>"; };
		C79C31202882712400B6CBB2 /* SceneDelegate.swift */ = {isa = PBXFileReference; lastKnownFileType = sourcecode.swift; path = SceneDelegate.swift; sourceTree = "<group>"; };
		C79C31252882712400B6CBB2 /* Base */ = {isa = PBXFileReference; lastKnownFileType = file.storyboard; name = Base; path = Base.lproj/Main.storyboard; sourceTree = "<group>"; };
		C79C31272882712400B6CBB2 /* Assets.xcassets */ = {isa = PBXFileReference; lastKnownFileType = folder.assetcatalog; path = Assets.xcassets; sourceTree = "<group>"; };
		C79C312A2882712400B6CBB2 /* Base */ = {isa = PBXFileReference; lastKnownFileType = file.storyboard; name = Base; path = Base.lproj/LaunchScreen.storyboard; sourceTree = "<group>"; };
		C79C312C2882712400B6CBB2 /* Info.plist */ = {isa = PBXFileReference; lastKnownFileType = text.plist.xml; path = Info.plist; sourceTree = "<group>"; };
		C79C31392882CCAD00B6CBB2 /* ModelProtocol.swift */ = {isa = PBXFileReference; fileEncoding = 4; lastKnownFileType = sourcecode.swift; path = ModelProtocol.swift; sourceTree = "<group>"; };
		C79C313B2882CCAD00B6CBB2 /* RouteProtocol.swift */ = {isa = PBXFileReference; fileEncoding = 4; lastKnownFileType = sourcecode.swift; path = RouteProtocol.swift; sourceTree = "<group>"; };
		C79C313C2882CCAD00B6CBB2 /* FilterProtocol.swift */ = {isa = PBXFileReference; fileEncoding = 4; lastKnownFileType = sourcecode.swift; path = FilterProtocol.swift; sourceTree = "<group>"; };
		C79C313E2882CCAD00B6CBB2 /* NetworkManager.swift */ = {isa = PBXFileReference; fileEncoding = 4; lastKnownFileType = sourcecode.swift; path = NetworkManager.swift; sourceTree = "<group>"; };
		C79C313F2882CCAD00B6CBB2 /* NetworkService.swift */ = {isa = PBXFileReference; fileEncoding = 4; lastKnownFileType = sourcecode.swift; path = NetworkService.swift; sourceTree = "<group>"; };
		C79C31402882CCAD00B6CBB2 /* HTTPMethod.swift */ = {isa = PBXFileReference; fileEncoding = 4; lastKnownFileType = sourcecode.swift; path = HTTPMethod.swift; sourceTree = "<group>"; };
		C79C31412882CCAD00B6CBB2 /* NetworkError.swift */ = {isa = PBXFileReference; fileEncoding = 4; lastKnownFileType = sourcecode.swift; path = NetworkError.swift; sourceTree = "<group>"; };
		C79C31432882CCAD00B6CBB2 /* SearchViewModel.swift */ = {isa = PBXFileReference; fileEncoding = 4; lastKnownFileType = sourcecode.swift; path = SearchViewModel.swift; sourceTree = "<group>"; };
		C79C31452882CCAD00B6CBB2 /* Location.swift */ = {isa = PBXFileReference; fileEncoding = 4; lastKnownFileType = sourcecode.swift; path = Location.swift; sourceTree = "<group>"; };
		C79C31462882CCAD00B6CBB2 /* Info.swift */ = {isa = PBXFileReference; fileEncoding = 4; lastKnownFileType = sourcecode.swift; path = Info.swift; sourceTree = "<group>"; };
		C79C31472882CCAD00B6CBB2 /* Character.swift */ = {isa = PBXFileReference; fileEncoding = 4; lastKnownFileType = sourcecode.swift; path = Character.swift; sourceTree = "<group>"; };
		C79C31482882CCAD00B6CBB2 /* Episode.swift */ = {isa = PBXFileReference; fileEncoding = 4; lastKnownFileType = sourcecode.swift; path = Episode.swift; sourceTree = "<group>"; };
		C79C31562882D3CE00B6CBB2 /* CharacterSearchViewController.swift */ = {isa = PBXFileReference; lastKnownFileType = sourcecode.swift; path = CharacterSearchViewController.swift; sourceTree = "<group>"; };
		C79C315A2882D8E300B6CBB2 /* UIViewController+Extension.swift */ = {isa = PBXFileReference; lastKnownFileType = sourcecode.swift; path = "UIViewController+Extension.swift"; sourceTree = "<group>"; };
		C79C315C2882DA1D00B6CBB2 /* UIWindow+Extension.swift */ = {isa = PBXFileReference; lastKnownFileType = sourcecode.swift; path = "UIWindow+Extension.swift"; sourceTree = "<group>"; };
		C79C315E2882DA5D00B6CBB2 /* UIActivityIndicatorView+Extension.swift */ = {isa = PBXFileReference; lastKnownFileType = sourcecode.swift; path = "UIActivityIndicatorView+Extension.swift"; sourceTree = "<group>"; };
		C7A99A242885273600DF3DD5 /* CharacterDetailView.xib */ = {isa = PBXFileReference; lastKnownFileType = file.xib; path = CharacterDetailView.xib; sourceTree = "<group>"; };
		C7A99A262885279700DF3DD5 /* CharacterDetailView.swift */ = {isa = PBXFileReference; lastKnownFileType = sourcecode.swift; path = CharacterDetailView.swift; sourceTree = "<group>"; };
		C7CFE04F2885A2E7002E580A /* LocationDetailView.swift */ = {isa = PBXFileReference; lastKnownFileType = sourcecode.swift; path = LocationDetailView.swift; sourceTree = "<group>"; };
		C7CFE0512885A2F6002E580A /* LocationDetailView.xib */ = {isa = PBXFileReference; lastKnownFileType = file.xib; path = LocationDetailView.xib; sourceTree = "<group>"; };
		C7CFE0532885A85A002E580A /* EpisodeDetailView.swift */ = {isa = PBXFileReference; lastKnownFileType = sourcecode.swift; path = EpisodeDetailView.swift; sourceTree = "<group>"; };
		C7CFE0552885A85F002E580A /* EpisodeDetailView.xib */ = {isa = PBXFileReference; lastKnownFileType = file.xib; path = EpisodeDetailView.xib; sourceTree = "<group>"; };
		C7E0AC222B2D5D31002B2CFF /* R&MTests.xctest */ = {isa = PBXFileReference; explicitFileType = wrapper.cfbundle; includeInIndex = 0; path = "R&MTests.xctest"; sourceTree = BUILT_PRODUCTS_DIR; };
		C7E0AC242B2D5D31002B2CFF /* R_MTests.swift */ = {isa = PBXFileReference; lastKnownFileType = sourcecode.swift; path = R_MTests.swift; sourceTree = "<group>"; };
		C7F9C67F28844C9B00B992E1 /* ResponseModel.swift */ = {isa = PBXFileReference; lastKnownFileType = sourcecode.swift; path = ResponseModel.swift; sourceTree = "<group>"; };
		C7F9C68128844DEC00B992E1 /* LocationSearchViewController.swift */ = {isa = PBXFileReference; lastKnownFileType = sourcecode.swift; path = LocationSearchViewController.swift; sourceTree = "<group>"; };
		C7F9C68428844E0B00B992E1 /* EpisodeSearchViewController.swift */ = {isa = PBXFileReference; lastKnownFileType = sourcecode.swift; path = EpisodeSearchViewController.swift; sourceTree = "<group>"; };
/* End PBXFileReference section */

/* Begin PBXFrameworksBuildPhase section */
		C79C31182882712400B6CBB2 /* Frameworks */ = {
			isa = PBXFrameworksBuildPhase;
			buildActionMask = 2147483647;
			files = (
			);
			runOnlyForDeploymentPostprocessing = 0;
		};
		C7E0AC1F2B2D5D31002B2CFF /* Frameworks */ = {
			isa = PBXFrameworksBuildPhase;
			buildActionMask = 2147483647;
			files = (
			);
			runOnlyForDeploymentPostprocessing = 0;
		};
/* End PBXFrameworksBuildPhase section */

/* Begin PBXGroup section */
		C72A1F652882FB0500DF4944 /* View */ = {
			isa = PBXGroup;
			children = (
				C72A1F6A2882FB6700DF4944 /* Result */,
				C72A1F662882FB1100DF4944 /* Character */,
				C72A1F76288400F500DF4944 /* Location */,
				C72A1F792884011800DF4944 /* Episode */,
			);
			path = View;
			sourceTree = "<group>";
		};
		C72A1F662882FB1100DF4944 /* Character */ = {
			isa = PBXGroup;
			children = (
				C72A1F672882FB2300DF4944 /* Search */,
				C72A1F752883FFC600DF4944 /* Detail */,
			);
			path = Character;
			sourceTree = "<group>";
		};
		C72A1F672882FB2300DF4944 /* Search */ = {
			isa = PBXGroup;
			children = (
				C79C31562882D3CE00B6CBB2 /* CharacterSearchViewController.swift */,
			);
			path = Search;
			sourceTree = "<group>";
		};
		C72A1F6A2882FB6700DF4944 /* Result */ = {
			isa = PBXGroup;
			children = (
				C72A1F632882F9AA00DF4944 /* ResultViewController.swift */,
			);
			path = Result;
			sourceTree = "<group>";
		};
		C72A1F752883FFC600DF4944 /* Detail */ = {
			isa = PBXGroup;
			children = (
				C7A99A242885273600DF3DD5 /* CharacterDetailView.xib */,
				C7A99A262885279700DF3DD5 /* CharacterDetailView.swift */,
				C72A1F732883F5F900DF4944 /* CharacterDetailViewModel.swift */,
				C72A1F712883F5EC00DF4944 /* CharacterDetailViewController.swift */,
			);
			path = Detail;
			sourceTree = "<group>";
		};
		C72A1F76288400F500DF4944 /* Location */ = {
			isa = PBXGroup;
			children = (
				C7F9C68328844DFB00B992E1 /* Search */,
				C72B3B1528845FB200E85958 /* Detail */,
			);
			path = Location;
			sourceTree = "<group>";
		};
		C72A1F792884011800DF4944 /* Episode */ = {
			isa = PBXGroup;
			children = (
				C7F9C68628844E0D00B992E1 /* Search */,
				C72B3B1628845FB800E85958 /* Detail */,
			);
			path = Episode;
			sourceTree = "<group>";
		};
		C72B3B1528845FB200E85958 /* Detail */ = {
			isa = PBXGroup;
			children = (
				C7CFE0512885A2F6002E580A /* LocationDetailView.xib */,
				C7CFE04F2885A2E7002E580A /* LocationDetailView.swift */,
				C72B3B1B2884601A00E85958 /* LocationDetailViewModel.swift */,
				C72B3B1728845FC800E85958 /* LocationDetailViewController.swift */,
			);
			path = Detail;
			sourceTree = "<group>";
		};
		C72B3B1628845FB800E85958 /* Detail */ = {
			isa = PBXGroup;
			children = (
				C7CFE0552885A85F002E580A /* EpisodeDetailView.xib */,
				C7CFE0532885A85A002E580A /* EpisodeDetailView.swift */,
				C72B3B1D2884602400E85958 /* EpisodeDetailViewModel.swift */,
				C72B3B1928845FD900E85958 /* EpisodeDetailViewController.swift */,
			);
			path = Detail;
			sourceTree = "<group>";
		};
		C79C31122882712400B6CBB2 = {
			isa = PBXGroup;
			children = (
				C79C311D2882712400B6CBB2 /* UIKit+MVVM */,
				C7E0AC232B2D5D31002B2CFF /* R&MTests */,
				C79C311C2882712400B6CBB2 /* Products */,
			);
			sourceTree = "<group>";
		};
		C79C311C2882712400B6CBB2 /* Products */ = {
			isa = PBXGroup;
			children = (
				C79C311B2882712400B6CBB2 /* R&M.app */,
				C7E0AC222B2D5D31002B2CFF /* R&MTests.xctest */,
			);
			name = Products;
			sourceTree = "<group>";
		};
		C79C311D2882712400B6CBB2 /* UIKit+MVVM */ = {
			isa = PBXGroup;
			children = (
				C79C313228829A5C00B6CBB2 /* App */,
				C79C31592882D8CD00B6CBB2 /* Extension */,
				C79C31442882CCAD00B6CBB2 /* Model */,
				C79C313D2882CCAD00B6CBB2 /* NetworkModule */,
				C79C31382882CCAD00B6CBB2 /* Protocol */,
				C72A1F652882FB0500DF4944 /* View */,
				C79C31422882CCAD00B6CBB2 /* ViewModel */,
				C79C313328829A6200B6CBB2 /* Storyboard */,
			);
			path = "UIKit+MVVM";
			sourceTree = "<group>";
		};
		C79C313228829A5C00B6CBB2 /* App */ = {
			isa = PBXGroup;
			children = (
				C79C311E2882712400B6CBB2 /* AppDelegate.swift */,
				C79C31202882712400B6CBB2 /* SceneDelegate.swift */,
				C79C31272882712400B6CBB2 /* Assets.xcassets */,
				C79C312C2882712400B6CBB2 /* Info.plist */,
			);
			path = App;
			sourceTree = "<group>";
		};
		C79C313328829A6200B6CBB2 /* Storyboard */ = {
			isa = PBXGroup;
			children = (
				C79C31242882712400B6CBB2 /* Main.storyboard */,
				C79C31292882712400B6CBB2 /* LaunchScreen.storyboard */,
			);
			path = Storyboard;
			sourceTree = "<group>";
		};
		C79C31382882CCAD00B6CBB2 /* Protocol */ = {
			isa = PBXGroup;
			children = (
				C79C31392882CCAD00B6CBB2 /* ModelProtocol.swift */,
				C79C313B2882CCAD00B6CBB2 /* RouteProtocol.swift */,
				C79C313C2882CCAD00B6CBB2 /* FilterProtocol.swift */,
				C72B3B132884552800E85958 /* ViewModelProtocol.swift */,
			);
			path = Protocol;
			sourceTree = "<group>";
		};
		C79C313D2882CCAD00B6CBB2 /* NetworkModule */ = {
			isa = PBXGroup;
			children = (
				C79C31412882CCAD00B6CBB2 /* NetworkError.swift */,
				C79C31402882CCAD00B6CBB2 /* HTTPMethod.swift */,
				C79C313F2882CCAD00B6CBB2 /* NetworkService.swift */,
				C79C313E2882CCAD00B6CBB2 /* NetworkManager.swift */,
			);
			path = NetworkModule;
			sourceTree = "<group>";
		};
		C79C31422882CCAD00B6CBB2 /* ViewModel */ = {
			isa = PBXGroup;
			children = (
				C79C31432882CCAD00B6CBB2 /* SearchViewModel.swift */,
				C72A1F6D2882FDB700DF4944 /* ResultViewModel.swift */,
			);
			path = ViewModel;
			sourceTree = "<group>";
		};
		C79C31442882CCAD00B6CBB2 /* Model */ = {
			isa = PBXGroup;
			children = (
				C79C31472882CCAD00B6CBB2 /* Character.swift */,
				C79C31452882CCAD00B6CBB2 /* Location.swift */,
				C79C31482882CCAD00B6CBB2 /* Episode.swift */,
				C79C31462882CCAD00B6CBB2 /* Info.swift */,
				C7F9C67F28844C9B00B992E1 /* ResponseModel.swift */,
			);
			path = Model;
			sourceTree = "<group>";
		};
		C79C31592882D8CD00B6CBB2 /* Extension */ = {
			isa = PBXGroup;
			children = (
				C79C315A2882D8E300B6CBB2 /* UIViewController+Extension.swift */,
				C79C315E2882DA5D00B6CBB2 /* UIActivityIndicatorView+Extension.swift */,
				C79C315C2882DA1D00B6CBB2 /* UIWindow+Extension.swift */,
			);
			path = Extension;
			sourceTree = "<group>";
		};
		C7E0AC232B2D5D31002B2CFF /* R&MTests */ = {
			isa = PBXGroup;
			children = (
				C7E0AC242B2D5D31002B2CFF /* R_MTests.swift */,
			);
			path = "R&MTests";
			sourceTree = "<group>";
		};
		C7F9C68328844DFB00B992E1 /* Search */ = {
			isa = PBXGroup;
			children = (
				C7F9C68128844DEC00B992E1 /* LocationSearchViewController.swift */,
			);
			path = Search;
			sourceTree = "<group>";
		};
		C7F9C68628844E0D00B992E1 /* Search */ = {
			isa = PBXGroup;
			children = (
				C7F9C68428844E0B00B992E1 /* EpisodeSearchViewController.swift */,
			);
			path = Search;
			sourceTree = "<group>";
		};
/* End PBXGroup section */

/* Begin PBXNativeTarget section */
		C79C311A2882712400B6CBB2 /* R&M */ = {
			isa = PBXNativeTarget;
			buildConfigurationList = C79C312F2882712400B6CBB2 /* Build configuration list for PBXNativeTarget "R&M" */;
			buildPhases = (
				C79C31172882712400B6CBB2 /* Sources */,
				C79C31182882712400B6CBB2 /* Frameworks */,
				C79C31192882712400B6CBB2 /* Resources */,
			);
			buildRules = (
			);
			dependencies = (
			);
			name = "R&M";
			productName = "UIKit+MVVM";
			productReference = C79C311B2882712400B6CBB2 /* R&M.app */;
			productType = "com.apple.product-type.application";
		};
		C7E0AC212B2D5D31002B2CFF /* R&MTests */ = {
			isa = PBXNativeTarget;
			buildConfigurationList = C7E0AC282B2D5D31002B2CFF /* Build configuration list for PBXNativeTarget "R&MTests" */;
			buildPhases = (
				C7E0AC1E2B2D5D31002B2CFF /* Sources */,
				C7E0AC1F2B2D5D31002B2CFF /* Frameworks */,
				C7E0AC202B2D5D31002B2CFF /* Resources */,
			);
			buildRules = (
			);
			dependencies = (
				C7E0AC272B2D5D31002B2CFF /* PBXTargetDependency */,
			);
			name = "R&MTests";
			productName = "R&MTests";
			productReference = C7E0AC222B2D5D31002B2CFF /* R&MTests.xctest */;
			productType = "com.apple.product-type.bundle.unit-test";
		};
/* End PBXNativeTarget section */

/* Begin PBXProject section */
		C79C31132882712400B6CBB2 /* Project object */ = {
			isa = PBXProject;
			attributes = {
				BuildIndependentTargetsInParallel = 1;
				LastSwiftUpdateCheck = 1410;
				LastUpgradeCheck = 1330;
				TargetAttributes = {
					C79C311A2882712400B6CBB2 = {
						CreatedOnToolsVersion = 13.3;
					};
					C7E0AC212B2D5D31002B2CFF = {
						CreatedOnToolsVersion = 14.1;
						TestTargetID = C79C311A2882712400B6CBB2;
					};
				};
			};
			buildConfigurationList = C79C31162882712400B6CBB2 /* Build configuration list for PBXProject "UIKit+MVVM" */;
			compatibilityVersion = "Xcode 13.0";
			developmentRegion = en;
			hasScannedForEncodings = 0;
			knownRegions = (
				en,
				Base,
			);
			mainGroup = C79C31122882712400B6CBB2;
			productRefGroup = C79C311C2882712400B6CBB2 /* Products */;
			projectDirPath = "";
			projectRoot = "";
			targets = (
				C79C311A2882712400B6CBB2 /* R&M */,
				C7E0AC212B2D5D31002B2CFF /* R&MTests */,
			);
		};
/* End PBXProject section */

/* Begin PBXResourcesBuildPhase section */
		C79C31192882712400B6CBB2 /* Resources */ = {
			isa = PBXResourcesBuildPhase;
			buildActionMask = 2147483647;
			files = (
				C79C312B2882712400B6CBB2 /* LaunchScreen.storyboard in Resources */,
				C79C31282882712400B6CBB2 /* Assets.xcassets in Resources */,
				C79C31262882712400B6CBB2 /* Main.storyboard in Resources */,
				C7CFE0562885A85F002E580A /* EpisodeDetailView.xib in Resources */,
				C7CFE0522885A2F6002E580A /* LocationDetailView.xib in Resources */,
				C7A99A252885273600DF3DD5 /* CharacterDetailView.xib in Resources */,
			);
			runOnlyForDeploymentPostprocessing = 0;
		};
		C7E0AC202B2D5D31002B2CFF /* Resources */ = {
			isa = PBXResourcesBuildPhase;
			buildActionMask = 2147483647;
			files = (
			);
			runOnlyForDeploymentPostprocessing = 0;
		};
/* End PBXResourcesBuildPhase section */

/* Begin PBXSourcesBuildPhase section */
		C79C31172882712400B6CBB2 /* Sources */ = {
			isa = PBXSourcesBuildPhase;
			buildActionMask = 2147483647;
			files = (
				C79C315B2882D8E300B6CBB2 /* UIViewController+Extension.swift in Sources */,
				C79C315F2882DA5D00B6CBB2 /* UIActivityIndicatorView+Extension.swift in Sources */,
				C7CFE0502885A2E7002E580A /* LocationDetailView.swift in Sources */,
				C72B3B1A28845FD900E85958 /* EpisodeDetailViewController.swift in Sources */,
				C72A1F642882F9AA00DF4944 /* ResultViewController.swift in Sources */,
				C72B3B1C2884601B00E85958 /* LocationDetailViewModel.swift in Sources */,
				C72A1F6E2882FDB700DF4944 /* ResultViewModel.swift in Sources */,
				C72B3B1E2884602400E85958 /* EpisodeDetailViewModel.swift in Sources */,
				C79C31552882CCAD00B6CBB2 /* Episode.swift in Sources */,
				C79C314B2882CCAD00B6CBB2 /* RouteProtocol.swift in Sources */,
				C79C315D2882DA1D00B6CBB2 /* UIWindow+Extension.swift in Sources */,
				C79C31492882CCAD00B6CBB2 /* ModelProtocol.swift in Sources */,
				C79C314E2882CCAD00B6CBB2 /* NetworkService.swift in Sources */,
				C79C31572882D3CE00B6CBB2 /* CharacterSearchViewController.swift in Sources */,
				C79C314D2882CCAD00B6CBB2 /* NetworkManager.swift in Sources */,
				C7A99A272885279700DF3DD5 /* CharacterDetailView.swift in Sources */,
				C7F9C68528844E0B00B992E1 /* EpisodeSearchViewController.swift in Sources */,
				C7F9C68228844DEC00B992E1 /* LocationSearchViewController.swift in Sources */,
				C79C31522882CCAD00B6CBB2 /* Location.swift in Sources */,
				C79C311F2882712400B6CBB2 /* AppDelegate.swift in Sources */,
				C72B3B1828845FC800E85958 /* LocationDetailViewController.swift in Sources */,
				C79C31212882712400B6CBB2 /* SceneDelegate.swift in Sources */,
				C7CFE0542885A85A002E580A /* EpisodeDetailView.swift in Sources */,
				C72B3B142884552800E85958 /* ViewModelProtocol.swift in Sources */,
				C79C314F2882CCAD00B6CBB2 /* HTTPMethod.swift in Sources */,
				C79C31502882CCAD00B6CBB2 /* NetworkError.swift in Sources */,
				C79C31512882CCAD00B6CBB2 /* SearchViewModel.swift in Sources */,
				C79C31542882CCAD00B6CBB2 /* Character.swift in Sources */,
				C72A1F722883F5EC00DF4944 /* CharacterDetailViewController.swift in Sources */,
				C72A1F742883F5F900DF4944 /* CharacterDetailViewModel.swift in Sources */,
				C79C314C2882CCAD00B6CBB2 /* FilterProtocol.swift in Sources */,
				C7F9C68028844C9B00B992E1 /* ResponseModel.swift in Sources */,
				C79C31532882CCAD00B6CBB2 /* Info.swift in Sources */,
			);
			runOnlyForDeploymentPostprocessing = 0;
		};
		C7E0AC1E2B2D5D31002B2CFF /* Sources */ = {
			isa = PBXSourcesBuildPhase;
			buildActionMask = 2147483647;
			files = (
				C7E0AC2E2B2D5F86002B2CFF /* NetworkError.swift in Sources */,
				C7E0AC252B2D5D31002B2CFF /* R_MTests.swift in Sources */,
				C7E0AC302B2D6001002B2CFF /* ModelProtocol.swift in Sources */,
				C7E0AC2D2B2D5F09002B2CFF /* Character.swift in Sources */,
				C7E0AC2F2B2D5FE7002B2CFF /* FilterProtocol.swift in Sources */,
			);
			runOnlyForDeploymentPostprocessing = 0;
		};
/* End PBXSourcesBuildPhase section */

/* Begin PBXTargetDependency section */
		C7E0AC272B2D5D31002B2CFF /* PBXTargetDependency */ = {
			isa = PBXTargetDependency;
			target = C79C311A2882712400B6CBB2 /* R&M */;
			targetProxy = C7E0AC262B2D5D31002B2CFF /* PBXContainerItemProxy */;
		};
/* End PBXTargetDependency section */

/* Begin PBXVariantGroup section */
		C79C31242882712400B6CBB2 /* Main.storyboard */ = {
			isa = PBXVariantGroup;
			children = (
				C79C31252882712400B6CBB2 /* Base */,
			);
			name = Main.storyboard;
			sourceTree = "<group>";
		};
		C79C31292882712400B6CBB2 /* LaunchScreen.storyboard */ = {
			isa = PBXVariantGroup;
			children = (
				C79C312A2882712400B6CBB2 /* Base */,
			);
			name = LaunchScreen.storyboard;
			sourceTree = "<group>";
		};
/* End PBXVariantGroup section */

/* Begin XCBuildConfiguration section */
		C79C312D2882712400B6CBB2 /* Debug */ = {
			isa = XCBuildConfiguration;
			buildSettings = {
				ALWAYS_SEARCH_USER_PATHS = NO;
				CLANG_ANALYZER_NONNULL = YES;
				CLANG_ANALYZER_NUMBER_OBJECT_CONVERSION = YES_AGGRESSIVE;
				CLANG_CXX_LANGUAGE_STANDARD = "gnu++17";
				CLANG_ENABLE_MODULES = YES;
				CLANG_ENABLE_OBJC_ARC = YES;
				CLANG_ENABLE_OBJC_WEAK = YES;
				CLANG_WARN_BLOCK_CAPTURE_AUTORELEASING = YES;
				CLANG_WARN_BOOL_CONVERSION = YES;
				CLANG_WARN_COMMA = YES;
				CLANG_WARN_CONSTANT_CONVERSION = YES;
				CLANG_WARN_DEPRECATED_OBJC_IMPLEMENTATIONS = YES;
				CLANG_WARN_DIRECT_OBJC_ISA_USAGE = YES_ERROR;
				CLANG_WARN_DOCUMENTATION_COMMENTS = YES;
				CLANG_WARN_EMPTY_BODY = YES;
				CLANG_WARN_ENUM_CONVERSION = YES;
				CLANG_WARN_INFINITE_RECURSION = YES;
				CLANG_WARN_INT_CONVERSION = YES;
				CLANG_WARN_NON_LITERAL_NULL_CONVERSION = YES;
				CLANG_WARN_OBJC_IMPLICIT_RETAIN_SELF = YES;
				CLANG_WARN_OBJC_LITERAL_CONVERSION = YES;
				CLANG_WARN_OBJC_ROOT_CLASS = YES_ERROR;
				CLANG_WARN_QUOTED_INCLUDE_IN_FRAMEWORK_HEADER = YES;
				CLANG_WARN_RANGE_LOOP_ANALYSIS = YES;
				CLANG_WARN_STRICT_PROTOTYPES = YES;
				CLANG_WARN_SUSPICIOUS_MOVE = YES;
				CLANG_WARN_UNGUARDED_AVAILABILITY = YES_AGGRESSIVE;
				CLANG_WARN_UNREACHABLE_CODE = YES;
				CLANG_WARN__DUPLICATE_METHOD_MATCH = YES;
				COPY_PHASE_STRIP = NO;
				DEBUG_INFORMATION_FORMAT = dwarf;
				ENABLE_STRICT_OBJC_MSGSEND = YES;
				ENABLE_TESTABILITY = YES;
				GCC_C_LANGUAGE_STANDARD = gnu11;
				GCC_DYNAMIC_NO_PIC = NO;
				GCC_NO_COMMON_BLOCKS = YES;
				GCC_OPTIMIZATION_LEVEL = 0;
				GCC_PREPROCESSOR_DEFINITIONS = (
					"DEBUG=1",
					"$(inherited)",
				);
				GCC_WARN_64_TO_32_BIT_CONVERSION = YES;
				GCC_WARN_ABOUT_RETURN_TYPE = YES_ERROR;
				GCC_WARN_UNDECLARED_SELECTOR = YES;
				GCC_WARN_UNINITIALIZED_AUTOS = YES_AGGRESSIVE;
				GCC_WARN_UNUSED_FUNCTION = YES;
				GCC_WARN_UNUSED_VARIABLE = YES;
				IPHONEOS_DEPLOYMENT_TARGET = 16.0;
				MTL_ENABLE_DEBUG_INFO = INCLUDE_SOURCE;
				MTL_FAST_MATH = YES;
				ONLY_ACTIVE_ARCH = YES;
				SDKROOT = iphoneos;
				SWIFT_ACTIVE_COMPILATION_CONDITIONS = DEBUG;
				SWIFT_OPTIMIZATION_LEVEL = "-Onone";
			};
			name = Debug;
		};
		C79C312E2882712400B6CBB2 /* Release */ = {
			isa = XCBuildConfiguration;
			buildSettings = {
				ALWAYS_SEARCH_USER_PATHS = NO;
				CLANG_ANALYZER_NONNULL = YES;
				CLANG_ANALYZER_NUMBER_OBJECT_CONVERSION = YES_AGGRESSIVE;
				CLANG_CXX_LANGUAGE_STANDARD = "gnu++17";
				CLANG_ENABLE_MODULES = YES;
				CLANG_ENABLE_OBJC_ARC = YES;
				CLANG_ENABLE_OBJC_WEAK = YES;
				CLANG_WARN_BLOCK_CAPTURE_AUTORELEASING = YES;
				CLANG_WARN_BOOL_CONVERSION = YES;
				CLANG_WARN_COMMA = YES;
				CLANG_WARN_CONSTANT_CONVERSION = YES;
				CLANG_WARN_DEPRECATED_OBJC_IMPLEMENTATIONS = YES;
				CLANG_WARN_DIRECT_OBJC_ISA_USAGE = YES_ERROR;
				CLANG_WARN_DOCUMENTATION_COMMENTS = YES;
				CLANG_WARN_EMPTY_BODY = YES;
				CLANG_WARN_ENUM_CONVERSION = YES;
				CLANG_WARN_INFINITE_RECURSION = YES;
				CLANG_WARN_INT_CONVERSION = YES;
				CLANG_WARN_NON_LITERAL_NULL_CONVERSION = YES;
				CLANG_WARN_OBJC_IMPLICIT_RETAIN_SELF = YES;
				CLANG_WARN_OBJC_LITERAL_CONVERSION = YES;
				CLANG_WARN_OBJC_ROOT_CLASS = YES_ERROR;
				CLANG_WARN_QUOTED_INCLUDE_IN_FRAMEWORK_HEADER = YES;
				CLANG_WARN_RANGE_LOOP_ANALYSIS = YES;
				CLANG_WARN_STRICT_PROTOTYPES = YES;
				CLANG_WARN_SUSPICIOUS_MOVE = YES;
				CLANG_WARN_UNGUARDED_AVAILABILITY = YES_AGGRESSIVE;
				CLANG_WARN_UNREACHABLE_CODE = YES;
				CLANG_WARN__DUPLICATE_METHOD_MATCH = YES;
				COPY_PHASE_STRIP = NO;
				DEBUG_INFORMATION_FORMAT = "dwarf-with-dsym";
				ENABLE_NS_ASSERTIONS = NO;
				ENABLE_STRICT_OBJC_MSGSEND = YES;
				GCC_C_LANGUAGE_STANDARD = gnu11;
				GCC_NO_COMMON_BLOCKS = YES;
				GCC_WARN_64_TO_32_BIT_CONVERSION = YES;
				GCC_WARN_ABOUT_RETURN_TYPE = YES_ERROR;
				GCC_WARN_UNDECLARED_SELECTOR = YES;
				GCC_WARN_UNINITIALIZED_AUTOS = YES_AGGRESSIVE;
				GCC_WARN_UNUSED_FUNCTION = YES;
				GCC_WARN_UNUSED_VARIABLE = YES;
				IPHONEOS_DEPLOYMENT_TARGET = 16.0;
				MTL_ENABLE_DEBUG_INFO = NO;
				MTL_FAST_MATH = YES;
				SDKROOT = iphoneos;
				SWIFT_COMPILATION_MODE = wholemodule;
				SWIFT_OPTIMIZATION_LEVEL = "-O";
				VALIDATE_PRODUCT = YES;
			};
			name = Release;
		};
		C79C31302882712400B6CBB2 /* Debug */ = {
			isa = XCBuildConfiguration;
			buildSettings = {
				ASSETCATALOG_COMPILER_APPICON_NAME = AppIcon;
				ASSETCATALOG_COMPILER_GLOBAL_ACCENT_COLOR_NAME = AccentColor;
				CODE_SIGN_IDENTITY = "Apple Development";
				"CODE_SIGN_IDENTITY[sdk=iphoneos*]" = "iPhone Distribution";
				CODE_SIGN_STYLE = Manual;
				CURRENT_PROJECT_VERSION = 2;
				DEVELOPMENT_TEAM = "";
				"DEVELOPMENT_TEAM[sdk=iphoneos*]" = Z629PZ4XVL;
				GENERATE_INFOPLIST_FILE = YES;
				INFOPLIST_FILE = "UIKit+MVVM/App/Info.plist";
				INFOPLIST_KEY_CFBundleDisplayName = "R&M";
				INFOPLIST_KEY_UIApplicationSupportsIndirectInputEvents = YES;
				INFOPLIST_KEY_UILaunchStoryboardName = LaunchScreen;
				INFOPLIST_KEY_UIMainStoryboardFile = Main;
				INFOPLIST_KEY_UISupportedInterfaceOrientations_iPad = "UIInterfaceOrientationPortrait UIInterfaceOrientationPortraitUpsideDown UIInterfaceOrientationLandscapeLeft UIInterfaceOrientationLandscapeRight";
				INFOPLIST_KEY_UISupportedInterfaceOrientations_iPhone = "UIInterfaceOrientationPortrait UIInterfaceOrientationLandscapeLeft UIInterfaceOrientationLandscapeRight";
				IPHONEOS_DEPLOYMENT_TARGET = 15.0;
				LD_RUNPATH_SEARCH_PATHS = (
					"$(inherited)",
					"@executable_path/Frameworks",
				);
				MARKETING_VERSION = 1.0;
				PRODUCT_BUNDLE_IDENTIFIER = "com.moonjs.UIKit-MVVM";
				PRODUCT_NAME = "$(TARGET_NAME)";
				PROVISIONING_PROFILE_SPECIFIER = "";
				"PROVISIONING_PROFILE_SPECIFIER[sdk=iphoneos*]" = "match AppStore com.moonjs.UIKit-MVVM";
				SWIFT_EMIT_LOC_STRINGS = YES;
				SWIFT_VERSION = 5.0;
				TARGETED_DEVICE_FAMILY = 1;
			};
			name = Debug;
		};
		C79C31312882712400B6CBB2 /* Release */ = {
			isa = XCBuildConfiguration;
			buildSettings = {
				ASSETCATALOG_COMPILER_APPICON_NAME = AppIcon;
				ASSETCATALOG_COMPILER_GLOBAL_ACCENT_COLOR_NAME = AccentColor;
				CODE_SIGN_IDENTITY = "Apple Development";
				"CODE_SIGN_IDENTITY[sdk=iphoneos*]" = "iPhone Distribution";
				CODE_SIGN_STYLE = Manual;
				CURRENT_PROJECT_VERSION = 2;
				DEVELOPMENT_TEAM = "";
				"DEVELOPMENT_TEAM[sdk=iphoneos*]" = Z629PZ4XVL;
				GENERATE_INFOPLIST_FILE = YES;
				INFOPLIST_FILE = "UIKit+MVVM/App/Info.plist";
				INFOPLIST_KEY_CFBundleDisplayName = "R&M";
				INFOPLIST_KEY_UIApplicationSupportsIndirectInputEvents = YES;
				INFOPLIST_KEY_UILaunchStoryboardName = LaunchScreen;
				INFOPLIST_KEY_UIMainStoryboardFile = Main;
				INFOPLIST_KEY_UISupportedInterfaceOrientations_iPad = "UIInterfaceOrientationPortrait UIInterfaceOrientationPortraitUpsideDown UIInterfaceOrientationLandscapeLeft UIInterfaceOrientationLandscapeRight";
				INFOPLIST_KEY_UISupportedInterfaceOrientations_iPhone = "UIInterfaceOrientationPortrait UIInterfaceOrientationLandscapeLeft UIInterfaceOrientationLandscapeRight";
				IPHONEOS_DEPLOYMENT_TARGET = 15.0;
				LD_RUNPATH_SEARCH_PATHS = (
					"$(inherited)",
					"@executable_path/Frameworks",
				);
				MARKETING_VERSION = 1.0;
				PRODUCT_BUNDLE_IDENTIFIER = "com.moonjs.UIKit-MVVM";
				PRODUCT_NAME = "$(TARGET_NAME)";
				PROVISIONING_PROFILE_SPECIFIER = "";
				"PROVISIONING_PROFILE_SPECIFIER[sdk=iphoneos*]" = "match AppStore com.moonjs.UIKit-MVVM";
				SWIFT_EMIT_LOC_STRINGS = YES;
				SWIFT_VERSION = 5.0;
				TARGETED_DEVICE_FAMILY = 1;
			};
			name = Release;
		};
		C7E0AC292B2D5D31002B2CFF /* Debug */ = {
			isa = XCBuildConfiguration;
			buildSettings = {
				BUNDLE_LOADER = "$(TEST_HOST)";
				CLANG_CXX_LANGUAGE_STANDARD = "gnu++20";
				CODE_SIGN_IDENTITY = "Apple Development";
				CODE_SIGN_STYLE = Automatic;
				CURRENT_PROJECT_VERSION = 2;
				DEVELOPMENT_TEAM = "";
				GENERATE_INFOPLIST_FILE = YES;
				IPHONEOS_DEPLOYMENT_TARGET = 16.1;
				MARKETING_VERSION = 1.0;
				PRODUCT_BUNDLE_IDENTIFIER = "com.moonjs.R-MTests";
				PRODUCT_NAME = "$(TARGET_NAME)";
				PROVISIONING_PROFILE_SPECIFIER = "";
				SUPPORTED_PLATFORMS = "iphoneos iphonesimulator";
				SUPPORTS_MACCATALYST = NO;
				SUPPORTS_MAC_DESIGNED_FOR_IPHONE_IPAD = YES;
				SWIFT_EMIT_LOC_STRINGS = NO;
				SWIFT_VERSION = 5.0;
				TARGETED_DEVICE_FAMILY = "1,2";
				TEST_HOST = "$(BUILT_PRODUCTS_DIR)/R&M.app/$(BUNDLE_EXECUTABLE_FOLDER_PATH)/R&M";
			};
			name = Debug;
		};
		C7E0AC2A2B2D5D31002B2CFF /* Release */ = {
			isa = XCBuildConfiguration;
			buildSettings = {
				BUNDLE_LOADER = "$(TEST_HOST)";
				CLANG_CXX_LANGUAGE_STANDARD = "gnu++20";
				CODE_SIGN_IDENTITY = "Apple Development";
				CODE_SIGN_STYLE = Automatic;
				CURRENT_PROJECT_VERSION = 2;
				DEVELOPMENT_TEAM = "";
				GENERATE_INFOPLIST_FILE = YES;
				IPHONEOS_DEPLOYMENT_TARGET = 16.1;
				MARKETING_VERSION = 1.0;
				PRODUCT_BUNDLE_IDENTIFIER = "com.moonjs.R-MTests";
				PRODUCT_NAME = "$(TARGET_NAME)";
				PROVISIONING_PROFILE_SPECIFIER = "";
				SUPPORTED_PLATFORMS = "iphoneos iphonesimulator";
				SUPPORTS_MACCATALYST = NO;
				SUPPORTS_MAC_DESIGNED_FOR_IPHONE_IPAD = YES;
				SWIFT_EMIT_LOC_STRINGS = NO;
				SWIFT_VERSION = 5.0;
				TARGETED_DEVICE_FAMILY = "1,2";
				TEST_HOST = "$(BUILT_PRODUCTS_DIR)/R&M.app/$(BUNDLE_EXECUTABLE_FOLDER_PATH)/R&M";
			};
			name = Release;
		};
/* End XCBuildConfiguration section */

/* Begin XCConfigurationList section */
		C79C31162882712400B6CBB2 /* Build configuration list for PBXProject "UIKit+MVVM" */ = {
			isa = XCConfigurationList;
			buildConfigurations = (
				C79C312D2882712400B6CBB2 /* Debug */,
				C79C312E2882712400B6CBB2 /* Release */,
			);
			defaultConfigurationIsVisible = 0;
			defaultConfigurationName = Release;
		};
		C79C312F2882712400B6CBB2 /* Build configuration list for PBXNativeTarget "R&M" */ = {
			isa = XCConfigurationList;
			buildConfigurations = (
				C79C31302882712400B6CBB2 /* Debug */,
				C79C31312882712400B6CBB2 /* Release */,
			);
			defaultConfigurationIsVisible = 0;
			defaultConfigurationName = Release;
		};
		C7E0AC282B2D5D31002B2CFF /* Build configuration list for PBXNativeTarget "R&MTests" */ = {
			isa = XCConfigurationList;
			buildConfigurations = (
				C7E0AC292B2D5D31002B2CFF /* Debug */,
				C7E0AC2A2B2D5D31002B2CFF /* Release */,
			);
			defaultConfigurationIsVisible = 0;
			defaultConfigurationName = Release;
		};
/* End XCConfigurationList section */
	};
	rootObject = C79C31132882712400B6CBB2 /* Project object */;
}
